
Microsoft Visual Studio Solution File, Format Version 12.00
# Visual Studio 15
Project("{FAE04EC0-301F-11D3-BF4B-00C04F79EFBC}") = "Geometry_Tower_Defense", "Assembly-CSharp.csproj", "{F6696857-C206-AEC1-A2F5-A1923D27D2CA}"
EndProject
Global
	GlobalSection(SolutionConfigurationPlatforms) = preSolution
		Debug|Any CPU = Debug|Any CPU
		Release|Any CPU = Release|Any CPU
	EndGlobalSection
	GlobalSection(ProjectConfigurationPlatforms) = postSolution
		{F6696857-C206-AEC1-A2F5-A1923D27D2CA}.Debug|Any CPU.ActiveCfg = Debug|Any CPU
		{F6696857-C206-AEC1-A2F5-A1923D27D2CA}.Debug|Any CPU.Build.0 = Debug|Any CPU
		{F6696857-C206-AEC1-A2F5-A1923D27D2CA}.Release|Any CPU.ActiveCfg = Release|Any CPU
		{F6696857-C206-AEC1-A2F5-A1923D27D2CA}.Release|Any CPU.Build.0 = Release|Any CPU
	EndGlobalSection
	GlobalSection(SolutionProperties) = preSolution
		HideSolutionNode = FALSE
	EndGlobalSection
EndGlobal
